
Microsoft Visual Studio Solution File, Format Version 12.00
# Visual Studio 15
VisualStudioVersion = 15.0.27428.2043
MinimumVisualStudioVersion = 10.0.40219.1
Project("{FAE04EC0-301F-11D3-BF4B-00C04F79EFBC}") = "HSP", "HSP\HSP.csproj", "{E5669D5B-DCDD-47EE-9705-07BAC99D3EFD}"
EndProject
Global
	GlobalSection(SolutionConfigurationPlatforms) = preSolution
		Debug|Any CPU = Debug|Any CPU
		Release|Any CPU = Release|Any CPU
	EndGlobalSection
	GlobalSection(ProjectConfigurationPlatforms) = postSolution
		{E5669D5B-DCDD-47EE-9705-07BAC99D3EFD}.Debug|Any CPU.ActiveCfg = Debug|Any CPU
		{E5669D5B-DCDD-47EE-9705-07BAC99D3EFD}.Debug|Any CPU.Build.0 = Debug|Any CPU
		{E5669D5B-DCDD-47EE-9705-07BAC99D3EFD}.Release|Any CPU.ActiveCfg = Release|Any CPU
		{E5669D5B-DCDD-47EE-9705-07BAC99D3EFD}.Release|Any CPU.Build.0 = Release|Any CPU
	EndGlobalSection
	GlobalSection(SolutionProperties) = preSolution
		HideSolutionNode = FALSE
	EndGlobalSection
	GlobalSection(ExtensibilityGlobals) = postSolution
		SolutionGuid = {FE41FEEF-F9C2-417E-B18C-6999C1B8CD33}
	EndGlobalSection
EndGlobal
